{
  "nodes": {
    "hop-src": {
      "flake": false,
      "locked": {
        "lastModified": 1784632868,
        "narHash": "sha256-Uh+trwdIRMEAiFomApuxm/o06yyRJLQNEmIQS2hqGP4=",
        "owner": "golbin",
        "repo": "hop",
        "rev": "608d54bbc75af4142bc69c2c2b50c0c217b45731",
        "type": "github"
      },
      "original": {
        "owner": "golbin",
        "ref": "v0.4.1",
        "repo": "hop",
        "type": "github"
      }
    },
    "rhwp-src": {
      "flake": false,
      "locked": {
        "lastModified": 1787541397,
        "narHash": "sha256-1e1rULnmdWe9lrrlU4duNKFHsn213yRc6kSTOr2xJBA=",
        "owner": "R0K0R",
        "repo": "rhwp",
        "rev": "30a2f7f9ffc88e58f85597a68613dd6ca45a323f",
        "type": "github"
      },
      "original": {
        "owner": "R0K0R",
        "ref": "perf/font-substitution-caches",
        "repo": "rhwp",
        "type": "github"
      }
    },
    "root": {
      "inputs": {
        "hop-src": "hop-src",
        "rhwp-src": "rhwp-src"
      }
    }
  },
  "root": "root",
  "version": 7
}
