{
  "nodes": {
    "agenix": {
      "inputs": {
        "darwin": [
          "feat-agenix"
        ],
        "home-manager": [
          "feat-agenix"
        ],
        "nixpkgs": [
          "feat-agenix",
          "nixpkgs"
        ],
        "systems": "systems"
      },
      "locked": {
        "lastModified": 1770165109,
        "narHash": "sha256-9VnK6Oqai65puVJ4WYtCTvlJeXxMzAp/69HhQuTdl/I=",
        "owner": "ryantm",
        "repo": "agenix",
        "rev": "b027ee29d959fda4b60b57566d64c98a202e0feb",
        "type": "github"
      },
      "original": {
        "owner": "ryantm",
        "repo": "agenix",
        "type": "github"
      }
    },
    "claude-code-bin": {
      "flake": false,
      "locked": {
        "narHash": "sha256-Mhh06RGbTUQr2knOsLW/aS5Ze1yT/Q7QfJbX+0fSdFo=",
        "type": "file",
        "url": "https://downloads.claude.ai/claude-code-releases/2.1.223/linux-x64/claude"
      },
      "original": {
        "type": "file",
        "url": "https://downloads.claude.ai/claude-code-releases/2.1.223/linux-x64/claude"
      }
    },
    "claude-desktop-bin": {
      "flake": false,
      "locked": {
        "narHash": "sha256-09tPKHFqqOyRhQMyDNUpYcRW8WHz88a7YFcXa81Pc6g=",
        "type": "file",
        "url": "https://downloads.claude.ai/claude-desktop/apt/stable/pool/main/c/claude-desktop/claude-desktop_1.24012.11_amd64.deb"
      },
      "original": {
        "type": "file",
        "url": "https://downloads.claude.ai/claude-desktop/apt/stable/pool/main/c/claude-desktop/claude-desktop_1.24012.11_amd64.deb"
      }
    },
    "dank-greeter": {
      "inputs": {
        "dank-qml-common": "dank-qml-common",
        "nixpkgs": [
          "feat-dms",
          "nixpkgs"
        ]
      },
      "locked": {
        "lastModified": 1785444417,
        "narHash": "sha256-9hxIB6McRAsHGlsy4HZIv5FJpfKwlpeuVmPntxj4J8I=",
        "owner": "AvengeMedia",
        "repo": "dank-greeter",
        "rev": "f353eafdee856a2e1c6ce87ce551304e8a6ed404",
        "type": "github"
      },
      "original": {
        "owner": "AvengeMedia",
        "repo": "dank-greeter",
        "type": "github"
      }
    },
    "dank-qml-common": {
      "flake": false,
      "locked": {
        "lastModified": 1784433462,
        "narHash": "sha256-8MdKtu/tSYrCenhtmgYW+lcv9JhGPTE3BnSE6WuqO1U=",
        "owner": "AvengeMedia",
        "repo": "dank-qml-common",
        "rev": "8d36f668d73e7a4391ea9ead3939c5de137aa1f0",
        "type": "github"
      },
      "original": {
        "owner": "AvengeMedia",
        "repo": "dank-qml-common",
        "type": "github"
      }
    },
    "dank-qml-common_2": {
      "flake": false,
      "locked": {
        "lastModified": 1785445867,
        "narHash": "sha256-l9IRsLIVZ7bV+KMuTdCga89tGt4lpdMXhQR7f/2qoe4=",
        "owner": "AvengeMedia",
        "repo": "dank-qml-common",
        "rev": "3b06bd9372e18bc8086cc3958d4f677d57fbfdd8",
        "type": "github"
      },
      "original": {
        "owner": "AvengeMedia",
        "repo": "dank-qml-common",
        "type": "github"
      }
    },
    "dms": {
      "inputs": {
        "dank-qml-common": "dank-qml-common_2",
        "flake-compat": "flake-compat",
        "nixpkgs": [
          "feat-dms",
          "nixpkgs"
        ]
      },
      "locked": {
        "lastModified": 1785990819,
        "narHash": "sha256-IwbU0D3D2OelCYwchobJU52gr6MrMOAqPUTZEQ9TgGw=",
        "owner": "AvengeMedia",
        "repo": "DankMaterialShell",
        "rev": "7cb97f4462c6cb72d35fb8d1ce8d65d56edcea70",
        "type": "github"
      },
      "original": {
        "owner": "AvengeMedia",
        "repo": "DankMaterialShell",
        "type": "github"
      }
    },
    "dms-plugin-registry": {
      "inputs": {
        "nixpkgs": [
          "feat-dms",
          "nixpkgs"
        ]
      },
      "locked": {
        "lastModified": 1786018423,
        "narHash": "sha256-P54/NoBMfhYSNIy95IK2Up3CXAAhoSvq1kE3pRvicPk=",
        "owner": "AvengeMedia",
        "repo": "dms-plugin-registry",
        "rev": "0947597b5eddb8723ac207d15d34f92c68a08c33",
        "type": "github"
      },
      "original": {
        "owner": "AvengeMedia",
        "repo": "dms-plugin-registry",
        "type": "github"
      }
    },
    "doom-private": {
      "flake": false,
      "locked": {
        "lastModified": 1787318484,
        "narHash": "sha256-UgtC1J2YhMdfjKg/90CaMTtEd8tPISbqhFxRRWW/qAQ=",
        "owner": "R0K0R",
        "repo": "doom-emacs",
        "rev": "7111cac3672fc9644243ae453d8b89c1ac3e8632",
        "type": "github"
      },
      "original": {
        "owner": "R0K0R",
        "repo": "doom-emacs",
        "type": "github"
      }
    },
    "doomdir": {
      "flake": false,
      "locked": {
        "lastModified": 1783603851,
        "narHash": "sha256-PXn0v4NR75U7/FpkaZ9GD6HPepVY5vVT48tMd1tMgdQ=",
        "owner": "marienz",
        "repo": "nix-doom-emacs-unstraightened",
        "rev": "4c63e8a411f815bd2473e5ced94dc4b8bf31d240",
        "type": "github"
      },
      "original": {
        "owner": "marienz",
        "ref": "doomdir",
        "repo": "nix-doom-emacs-unstraightened",
        "type": "github"
      }
    },
    "doomemacs": {
      "flake": false,
      "locked": {
        "lastModified": 1786060488,
        "narHash": "sha256-zZ/dxK+jO2Z9tjaW9F7RKOlxK80yZJBt2kEv5fvMWeM=",
        "owner": "doomemacs",
        "repo": "core",
        "rev": "ad55ed08df3a1d3398d136d07b60ba2ad00fb91b",
        "type": "github"
      },
      "original": {
        "owner": "doomemacs",
        "repo": "core",
        "type": "github"
      }
    },
    "doomemacs-modules": {
      "flake": false,
      "locked": {
        "lastModified": 1785646928,
        "narHash": "sha256-/8FccjL4xZkIVLfSiD7vcQPBo4yW24JVE7GYJC8EhXE=",
        "owner": "doomemacs",
        "repo": "modules",
        "rev": "5c89315d5e7138db58e1ef37aaf4c651bb3bcc78",
        "type": "github"
      },
      "original": {
        "owner": "doomemacs",
        "repo": "modules",
        "type": "github"
      }
    },
    "easyeffects-presets": {
      "flake": false,
      "locked": {
        "lastModified": 1780142087,
        "narHash": "sha256-JpQVWuEokBRu01xkGA22dPeV5Jo8Xzvfrg5oQ8RtIrI=",
        "owner": "JackHack96",
        "repo": "EasyEffects-Presets",
        "rev": "dd966e41ad9e44d4b11e19047f526ba718bbbe57",
        "type": "github"
      },
      "original": {
        "owner": "JackHack96",
        "repo": "EasyEffects-Presets",
        "type": "github"
      }
    },
    "emacs-overlay": {
      "inputs": {
        "nixpkgs": [
          "feat-emacs",
          "nix-doom-emacs-unstraightened"
        ],
        "nixpkgs-stable": [
          "feat-emacs",
          "nix-doom-emacs-unstraightened"
        ]
      },
      "locked": {
        "lastModified": 1786073054,
        "narHash": "sha256-qIr4omaPPHZp8VP+ExO14NORlK3vasvy+wQ56XjAkTQ=",
        "owner": "nix-community",
        "repo": "emacs-overlay",
        "rev": "ef05c5d71a4c98ebaad5db43e9886681ef095f9b",
        "type": "github"
      },
      "original": {
        "owner": "nix-community",
        "repo": "emacs-overlay",
        "type": "github"
      }
    },
    "feat-agenix": {
      "inputs": {
        "agenix": "agenix",
        "nixpkgs": [
          "nixpkgs"
        ]
      },
      "locked": {
        "path": "./features/agenix",
        "type": "path"
      },
      "original": {
        "path": "./features/agenix",
        "type": "path"
      },
      "parent": []
    },
    "feat-claude-code": {
      "inputs": {
        "claude-code-bin": "claude-code-bin"
      },
      "locked": {
        "path": "./features/claude-code",
        "type": "path"
      },
      "original": {
        "path": "./features/claude-code",
        "type": "path"
      },
      "parent": []
    },
    "feat-claude-desktop": {
      "inputs": {
        "claude-desktop-bin": "claude-desktop-bin"
      },
      "locked": {
        "path": "./features/claude-desktop",
        "type": "path"
      },
      "original": {
        "path": "./features/claude-desktop",
        "type": "path"
      },
      "parent": []
    },
    "feat-dms": {
      "inputs": {
        "dank-greeter": "dank-greeter",
        "dms": "dms",
        "dms-plugin-registry": "dms-plugin-registry",
        "nixpkgs": [
          "nixpkgs"
        ]
      },
      "locked": {
        "path": "./features/dms",
        "type": "path"
      },
      "original": {
        "path": "./features/dms",
        "type": "path"
      },
      "parent": []
    },
    "feat-easyeffects": {
      "inputs": {
        "easyeffects-presets": "easyeffects-presets"
      },
      "locked": {
        "path": "./features/easyeffects",
        "type": "path"
      },
      "original": {
        "path": "./features/easyeffects",
        "type": "path"
      },
      "parent": []
    },
    "feat-emacs": {
      "inputs": {
        "doom-private": "doom-private",
        "nix-doom-emacs-unstraightened": "nix-doom-emacs-unstraightened",
        "nixpkgs": [
          "nixpkgs"
        ],
        "nixpkgs-emacs-webkit": "nixpkgs-emacs-webkit"
      },
      "locked": {
        "path": "./features/emacs",
        "type": "path"
      },
      "original": {
        "path": "./features/emacs",
        "type": "path"
      },
      "parent": []
    },
    "feat-niri": {
      "inputs": {
        "niri": "niri",
        "nixpkgs": [
          "nixpkgs"
        ]
      },
      "locked": {
        "path": "./features/niri",
        "type": "path"
      },
      "original": {
        "path": "./features/niri",
        "type": "path"
      },
      "parent": []
    },
    "feat-samsung-galaxybook": {
      "inputs": {
        "samsung-galaxy-book-linux-fixes": "samsung-galaxy-book-linux-fixes"
      },
      "locked": {
        "path": "./features/samsung-galaxybook",
        "type": "path"
      },
      "original": {
        "path": "./features/samsung-galaxybook",
        "type": "path"
      },
      "parent": []
    },
    "flake-compat": {
      "flake": false,
      "locked": {
        "lastModified": 1767039857,
        "narHash": "sha256-vNpUSpF5Nuw8xvDLj2KCwwksIbjua2LZCqhV1LNRDns=",
        "owner": "NixOS",
        "repo": "flake-compat",
        "rev": "5edf11c44bc78a0d334f6334cdaf7d60d732daab",
        "type": "github"
      },
      "original": {
        "owner": "NixOS",
        "repo": "flake-compat",
        "type": "github"
      }
    },
    "home-manager": {
      "inputs": {
        "nixpkgs": [
          "nixpkgs"
        ]
      },
      "locked": {
        "lastModified": 1786031233,
        "narHash": "sha256-TIDlLTLI1/pB7IqgjzcKQjpODQsZE2oII4XGG9B6KjI=",
        "owner": "nix-community",
        "repo": "home-manager",
        "rev": "7834e82588860aaf780cec1366524456a70898d7",
        "type": "github"
      },
      "original": {
        "owner": "nix-community",
        "repo": "home-manager",
        "type": "github"
      }
    },
    "niri": {
      "inputs": {
        "niri-stable": "niri-stable",
        "niri-unstable": "niri-unstable",
        "nixpkgs": [
          "feat-niri",
          "nixpkgs"
        ],
        "nixpkgs-stable": "nixpkgs-stable",
        "xwayland-satellite-stable": "xwayland-satellite-stable",
        "xwayland-satellite-unstable": "xwayland-satellite-unstable"
      },
      "locked": {
        "path": "./niri-flake-patch",
        "type": "path"
      },
      "original": {
        "path": "./niri-flake-patch",
        "type": "path"
      },
      "parent": [
        "feat-niri"
      ]
    },
    "niri-stable": {
      "flake": false,
      "locked": {
        "lastModified": 1756556321,
        "narHash": "sha256-RLD89dfjN0RVO86C/Mot0T7aduCygPGaYbog566F0Qo=",
        "owner": "YaLTeR",
        "repo": "niri",
        "rev": "01be0e65f4eb91a9cd624ac0b76aaeab765c7294",
        "type": "github"
      },
      "original": {
        "owner": "YaLTeR",
        "ref": "v25.08",
        "repo": "niri",
        "type": "github"
      }
    },
    "niri-unstable": {
      "flake": false,
      "locked": {
        "lastModified": 1778858756,
        "narHash": "sha256-9VvAHNoi2wd0fxLfJOPChZMS7l6rhCtAJmpd59Hv5rw=",
        "owner": "YaLTeR",
        "repo": "niri",
        "rev": "cd5ac3e5e04bb5a11276d3c755fa25242818e05f",
        "type": "github"
      },
      "original": {
        "owner": "YaLTeR",
        "repo": "niri",
        "type": "github"
      }
    },
    "nix-doom-emacs-unstraightened": {
      "inputs": {
        "doomdir": "doomdir",
        "doomemacs": "doomemacs",
        "doomemacs-modules": "doomemacs-modules",
        "emacs-overlay": "emacs-overlay",
        "nixpkgs": [
          "feat-emacs",
          "nixpkgs"
        ],
        "systems": "systems_2"
      },
      "locked": {
        "lastModified": 1786094801,
        "narHash": "sha256-ODQ21/coNh7qIqiC0jxYQ0wREVqYs20S3P7RD/2ev3g=",
        "owner": "marienz",
        "repo": "nix-doom-emacs-unstraightened",
        "rev": "d0032f816fb8b9feb64eda0562331b1766980904",
        "type": "github"
      },
      "original": {
        "owner": "marienz",
        "repo": "nix-doom-emacs-unstraightened",
        "type": "github"
      }
    },
    "nixpkgs": {
      "locked": {
        "lastModified": 1787236672,
        "narHash": "sha256-dRTovTKf+X1usU7SXsKDwQ4l1m8Az58iiw1BGb3PpcM=",
        "owner": "R0K0R",
        "repo": "nixpkgs",
        "rev": "e4a4947e0fad9456c3041dbce14dc1cfab1ffbb9",
        "type": "github"
      },
      "original": {
        "owner": "R0K0R",
        "ref": "combined-fundamental",
        "repo": "nixpkgs",
        "type": "github"
      }
    },
    "nixpkgs-emacs-webkit": {
      "locked": {
        "lastModified": 1688392541,
        "narHash": "sha256-lHrKvEkCPTUO+7tPfjIcb7Trk6k31rz18vkyqmkeJfY=",
        "owner": "NixOS",
        "repo": "nixpkgs",
        "rev": "ea4c80b39be4c09702b0cb3b42eab59e2ba4f24b",
        "type": "github"
      },
      "original": {
        "owner": "NixOS",
        "ref": "nixos-22.11",
        "repo": "nixpkgs",
        "type": "github"
      }
    },
    "nixpkgs-stable": {
      "locked": {
        "lastModified": 1779102034,
        "narHash": "sha256-vZJZjLo513IeI8hjzHFc6TDezUd4uCE2Eq4SNO3DNNg=",
        "owner": "NixOS",
        "repo": "nixpkgs",
        "rev": "687f05a9184cad4eaf905c48b63649e3a86f5433",
        "type": "github"
      },
      "original": {
        "owner": "NixOS",
        "ref": "nixos-25.11",
        "repo": "nixpkgs",
        "type": "github"
      }
    },
    "nixpkgs-upstream": {
      "locked": {
        "lastModified": 1784796856,
        "narHash": "sha256-wWFrV5/Qbm+lyt5x20E/bSbfJiGKMo4RCxZV8cl/WZI=",
        "owner": "NixOS",
        "repo": "nixpkgs",
        "rev": "e2587caef70cea85dd97d7daab492899902dbf5d",
        "type": "github"
      },
      "original": {
        "owner": "NixOS",
        "ref": "nixos-unstable",
        "repo": "nixpkgs",
        "type": "github"
      }
    },
    "root": {
      "inputs": {
        "feat-agenix": "feat-agenix",
        "feat-claude-code": "feat-claude-code",
        "feat-claude-desktop": "feat-claude-desktop",
        "feat-dms": "feat-dms",
        "feat-easyeffects": "feat-easyeffects",
        "feat-emacs": "feat-emacs",
        "feat-niri": "feat-niri",
        "feat-samsung-galaxybook": "feat-samsung-galaxybook",
        "home-manager": "home-manager",
        "nixpkgs": "nixpkgs",
        "nixpkgs-upstream": "nixpkgs-upstream"
      }
    },
    "samsung-galaxy-book-linux-fixes": {
      "flake": false,
      "locked": {
        "lastModified": 1779151423,
        "narHash": "sha256-fcwLBR+oE6VoEOJyjiusqzia/pyslcjLGFDwARY5wcQ=",
        "owner": "Andycodeman",
        "repo": "samsung-galaxy-book-linux-fixes",
        "rev": "70fd253adaa184c267f733f4606dc5d6dbec47db",
        "type": "github"
      },
      "original": {
        "owner": "Andycodeman",
        "ref": "v0.3.50",
        "repo": "samsung-galaxy-book-linux-fixes",
        "type": "github"
      }
    },
    "systems": {
      "locked": {
        "lastModified": 1681028828,
        "narHash": "sha256-Vy1rq5AaRuLzOxct8nz4T6wlgyUR7zLU309k9mBC768=",
        "owner": "nix-systems",
        "repo": "default",
        "rev": "da67096a3b9bf56a91d16901293e51ba5b49a27e",
        "type": "github"
      },
      "original": {
        "owner": "nix-systems",
        "repo": "default",
        "type": "github"
      }
    },
    "systems_2": {
      "locked": {
        "lastModified": 1681028828,
        "narHash": "sha256-Vy1rq5AaRuLzOxct8nz4T6wlgyUR7zLU309k9mBC768=",
        "owner": "nix-systems",
        "repo": "default",
        "rev": "da67096a3b9bf56a91d16901293e51ba5b49a27e",
        "type": "github"
      },
      "original": {
        "owner": "nix-systems",
        "repo": "default",
        "type": "github"
      }
    },
    "xwayland-satellite-stable": {
      "flake": false,
      "locked": {
        "lastModified": 1755491097,
        "narHash": "sha256-m+9tUfsmBeF2Gn4HWa6vSITZ4Gz1eA1F5Kh62B0N4oE=",
        "owner": "Supreeeme",
        "repo": "xwayland-satellite",
        "rev": "388d291e82ffbc73be18169d39470f340707edaa",
        "type": "github"
      },
      "original": {
        "owner": "Supreeeme",
        "ref": "v0.7",
        "repo": "xwayland-satellite",
        "type": "github"
      }
    },
    "xwayland-satellite-unstable": {
      "flake": false,
      "locked": {
        "lastModified": 1773622265,
        "narHash": "sha256-wToKwH7IgWdGLMSIWksEDs4eumR6UbbsuPQ42r0oTXQ=",
        "owner": "Supreeeme",
        "repo": "xwayland-satellite",
        "rev": "a879e5e0896a326adc79c474bf457b8b99011027",
        "type": "github"
      },
      "original": {
        "owner": "Supreeeme",
        "repo": "xwayland-satellite",
        "type": "github"
      }
    }
  },
  "root": "root",
  "version": 7
}
